
Microsoft Visual Studio Solution File, Format Version 12.00
# Visual Studio 15
VisualStudioVersion = 15.0.27004.2008
MinimumVisualStudioVersion = 10.0.40219.1
Project("{FAE04EC0-301F-11D3-BF4B-00C04F79EFBC}") = "SimpleSnake", "SimpleSnake\SimpleSnake.csproj", "{7CFE1049-4CD0-44F2-993E-8115ACCA441D}"
EndProject
Global
	GlobalSection(SolutionConfigurationPlatforms) = preSolution
		Debug|Any CPU = Debug|Any CPU
		Release|Any CPU = Release|Any CPU
	EndGlobalSection
	GlobalSection(ProjectConfigurationPlatforms) = postSolution
		{7CFE1049-4CD0-44F2-993E-8115ACCA441D}.Debug|Any CPU.ActiveCfg = Debug|Any CPU
		{7CFE1049-4CD0-44F2-993E-8115ACCA441D}.Debug|Any CPU.Build.0 = Debug|Any CPU
		{7CFE1049-4CD0-44F2-993E-8115ACCA441D}.Release|Any CPU.ActiveCfg = Release|Any CPU
		{7CFE1049-4CD0-44F2-993E-8115ACCA441D}.Release|Any CPU.Build.0 = Release|Any CPU
	EndGlobalSection
	GlobalSection(SolutionProperties) = preSolution
		HideSolutionNode = FALSE
	EndGlobalSection
	GlobalSection(ExtensibilityGlobals) = postSolution
		SolutionGuid = {3478E162-AE4B-4761-9B22-D34DC15AE435}
	EndGlobalSection
EndGlobal
